
Microsoft Visual Studio Solution File, Format Version 12.00
# Visual Studio 2012
Project("{FAE04EC0-301F-11D3-BF4B-00C04F79EFBC}") = "LCHtoADA", "LCHtoADA\LCHtoADA.csproj", "{77308B0E-9091-4924-A13B-BE0042CE37BD}"
EndProject
Project("{FAE04EC0-301F-11D3-BF4B-00C04F79EFBC}") = "LCHUnitTest", "LCHUnitTest\LCHUnitTest.csproj", "{97D563FD-1503-4E69-851E-A9A195E9F3B7}"
EndProject
Global
	GlobalSection(SolutionConfigurationPlatforms) = preSolution
		Debug|Any CPU = Debug|Any CPU
		Release|Any CPU = Release|Any CPU
	EndGlobalSection
	GlobalSection(ProjectConfigurationPlatforms) = postSolution
		{77308B0E-9091-4924-A13B-BE0042CE37BD}.Debug|Any CPU.ActiveCfg = Debug|Any CPU
		{77308B0E-9091-4924-A13B-BE0042CE37BD}.Debug|Any CPU.Build.0 = Debug|Any CPU
		{77308B0E-9091-4924-A13B-BE0042CE37BD}.Release|Any CPU.ActiveCfg = Release|Any CPU
		{77308B0E-9091-4924-A13B-BE0042CE37BD}.Release|Any CPU.Build.0 = Release|Any CPU
		{97D563FD-1503-4E69-851E-A9A195E9F3B7}.Debug|Any CPU.ActiveCfg = Debug|Any CPU
		{97D563FD-1503-4E69-851E-A9A195E9F3B7}.Debug|Any CPU.Build.0 = Debug|Any CPU
		{97D563FD-1503-4E69-851E-A9A195E9F3B7}.Release|Any CPU.ActiveCfg = Release|Any CPU
		{97D563FD-1503-4E69-851E-A9A195E9F3B7}.Release|Any CPU.Build.0 = Release|Any CPU
	EndGlobalSection
	GlobalSection(SolutionProperties) = preSolution
		HideSolutionNode = FALSE
	EndGlobalSection
EndGlobal
