
Microsoft Visual Studio Solution File, Format Version 12.00
# Visual Studio 2012
Project("{FAE04EC0-301F-11D3-BF4B-00C04F79EFBC}") = "Ch7_Clowns", "Ch7_TallGuy\Ch7_Clowns.csproj", "{083769B2-52E9-425F-8217-A720A3667EDD}"
EndProject
Global
	GlobalSection(SolutionConfigurationPlatforms) = preSolution
		Debug|Any CPU = Debug|Any CPU
		Release|Any CPU = Release|Any CPU
	EndGlobalSection
	GlobalSection(ProjectConfigurationPlatforms) = postSolution
		{083769B2-52E9-425F-8217-A720A3667EDD}.Debug|Any CPU.ActiveCfg = Debug|Any CPU
		{083769B2-52E9-425F-8217-A720A3667EDD}.Debug|Any CPU.Build.0 = Debug|Any CPU
		{083769B2-52E9-425F-8217-A720A3667EDD}.Release|Any CPU.ActiveCfg = Release|Any CPU
		{083769B2-52E9-425F-8217-A720A3667EDD}.Release|Any CPU.Build.0 = Release|Any CPU
	EndGlobalSection
	GlobalSection(SolutionProperties) = preSolution
		HideSolutionNode = FALSE
	EndGlobalSection
EndGlobal
