
Microsoft Visual Studio Solution File, Format Version 12.00
# Visual Studio 2012
Project("{FAE04EC0-301F-11D3-BF4B-00C04F79EFBC}") = "DataFrame", "DataFrame\DataFrame.csproj", "{574DBB3B-B642-4863-B720-198EA7CCDF3D}"
EndProject
Global
	GlobalSection(SolutionConfigurationPlatforms) = preSolution
		Debug|Any CPU = Debug|Any CPU
		Release|Any CPU = Release|Any CPU
	EndGlobalSection
	GlobalSection(ProjectConfigurationPlatforms) = postSolution
		{574DBB3B-B642-4863-B720-198EA7CCDF3D}.Debug|Any CPU.ActiveCfg = Debug|Any CPU
		{574DBB3B-B642-4863-B720-198EA7CCDF3D}.Debug|Any CPU.Build.0 = Debug|Any CPU
		{574DBB3B-B642-4863-B720-198EA7CCDF3D}.Release|Any CPU.ActiveCfg = Release|Any CPU
		{574DBB3B-B642-4863-B720-198EA7CCDF3D}.Release|Any CPU.Build.0 = Release|Any CPU
	EndGlobalSection
	GlobalSection(SolutionProperties) = preSolution
		HideSolutionNode = FALSE
	EndGlobalSection
EndGlobal
