
Microsoft Visual Studio Solution File, Format Version 12.00
# Visual Studio 2012
Project("{FAE04EC0-301F-11D3-BF4B-00C04F79EFBC}") = "ObserverPattern", "ObserverPattern\ObserverPattern.csproj", "{A8340F08-CD18-4946-BC60-6D9674495771}"
EndProject
Global
	GlobalSection(SolutionConfigurationPlatforms) = preSolution
		Debug|Any CPU = Debug|Any CPU
		Release|Any CPU = Release|Any CPU
	EndGlobalSection
	GlobalSection(ProjectConfigurationPlatforms) = postSolution
		{A8340F08-CD18-4946-BC60-6D9674495771}.Debug|Any CPU.ActiveCfg = Debug|Any CPU
		{A8340F08-CD18-4946-BC60-6D9674495771}.Debug|Any CPU.Build.0 = Debug|Any CPU
		{A8340F08-CD18-4946-BC60-6D9674495771}.Release|Any CPU.ActiveCfg = Release|Any CPU
		{A8340F08-CD18-4946-BC60-6D9674495771}.Release|Any CPU.Build.0 = Release|Any CPU
	EndGlobalSection
	GlobalSection(SolutionProperties) = preSolution
		HideSolutionNode = FALSE
	EndGlobalSection
EndGlobal
