
Microsoft Visual Studio Solution File, Format Version 12.00
# Visual Studio 2012
Project("{FAE04EC0-301F-11D3-BF4B-00C04F79EFBC}") = "04Elephants", "04Elephants\04Elephants.csproj", "{4200C800-7EC9-4B80-AF71-F643BF5700FE}"
EndProject
Global
	GlobalSection(SolutionConfigurationPlatforms) = preSolution
		Debug|Any CPU = Debug|Any CPU
		Release|Any CPU = Release|Any CPU
	EndGlobalSection
	GlobalSection(ProjectConfigurationPlatforms) = postSolution
		{4200C800-7EC9-4B80-AF71-F643BF5700FE}.Debug|Any CPU.ActiveCfg = Debug|Any CPU
		{4200C800-7EC9-4B80-AF71-F643BF5700FE}.Debug|Any CPU.Build.0 = Debug|Any CPU
		{4200C800-7EC9-4B80-AF71-F643BF5700FE}.Release|Any CPU.ActiveCfg = Release|Any CPU
		{4200C800-7EC9-4B80-AF71-F643BF5700FE}.Release|Any CPU.Build.0 = Release|Any CPU
	EndGlobalSection
	GlobalSection(SolutionProperties) = preSolution
		HideSolutionNode = FALSE
	EndGlobalSection
EndGlobal
