
Microsoft Visual Studio Solution File, Format Version 12.00
# Visual Studio 2012
Project("{FAE04EC0-301F-11D3-BF4B-00C04F79EFBC}") = "Ch7_House", "Ch7_House\Ch7_House.csproj", "{9FC6BE82-62E5-48CF-BA40-A197098FC0D4}"
EndProject
Global
	GlobalSection(SolutionConfigurationPlatforms) = preSolution
		Debug|Any CPU = Debug|Any CPU
		Release|Any CPU = Release|Any CPU
	EndGlobalSection
	GlobalSection(ProjectConfigurationPlatforms) = postSolution
		{9FC6BE82-62E5-48CF-BA40-A197098FC0D4}.Debug|Any CPU.ActiveCfg = Debug|Any CPU
		{9FC6BE82-62E5-48CF-BA40-A197098FC0D4}.Debug|Any CPU.Build.0 = Debug|Any CPU
		{9FC6BE82-62E5-48CF-BA40-A197098FC0D4}.Release|Any CPU.ActiveCfg = Release|Any CPU
		{9FC6BE82-62E5-48CF-BA40-A197098FC0D4}.Release|Any CPU.Build.0 = Release|Any CPU
	EndGlobalSection
	GlobalSection(SolutionProperties) = preSolution
		HideSolutionNode = FALSE
	EndGlobalSection
EndGlobal
